
Microsoft Visual Studio Solution File, Format Version 12.00
# Visual Studio 15
VisualStudioVersion = 15.0.27130.2036
MinimumVisualStudioVersion = 10.0.40219.1
Project("{8BC9CEB8-8B4A-11D0-8D11-00A0C91BC942}") = "E_Blind-D_LC", "E_Blind-D_LC\E_Blind-D_LC.vcxproj", "{38ADCFE7-5419-4D41-90A3-E1D0F4198A9E}"
EndProject
Global
	GlobalSection(SolutionConfigurationPlatforms) = preSolution
		Debug|x64 = Debug|x64
		Debug|x86 = Debug|x86
		Release|x64 = Release|x64
		Release|x86 = Release|x86
	EndGlobalSection
	GlobalSection(ProjectConfigurationPlatforms) = postSolution
		{38ADCFE7-5419-4D41-90A3-E1D0F4198A9E}.Debug|x64.ActiveCfg = Debug|x64
		{38ADCFE7-5419-4D41-90A3-E1D0F4198A9E}.Debug|x64.Build.0 = Debug|x64
		{38ADCFE7-5419-4D41-90A3-E1D0F4198A9E}.Debug|x86.ActiveCfg = Debug|Win32
		{38ADCFE7-5419-4D41-90A3-E1D0F4198A9E}.Debug|x86.Build.0 = Debug|Win32
		{38ADCFE7-5419-4D41-90A3-E1D0F4198A9E}.Release|x64.ActiveCfg = Release|x64
		{38ADCFE7-5419-4D41-90A3-E1D0F4198A9E}.Release|x64.Build.0 = Release|x64
		{38ADCFE7-5419-4D41-90A3-E1D0F4198A9E}.Release|x86.ActiveCfg = Release|Win32
		{38ADCFE7-5419-4D41-90A3-E1D0F4198A9E}.Release|x86.Build.0 = Release|Win32
	EndGlobalSection
	GlobalSection(SolutionProperties) = preSolution
		HideSolutionNode = FALSE
	EndGlobalSection
	GlobalSection(ExtensibilityGlobals) = postSolution
		SolutionGuid = {A41B52D4-50E9-4395-BBDA-9684EE9C9F5A}
	EndGlobalSection
EndGlobal
